
Microsoft Visual Studio Solution File, Format Version 11.00
# Visual Studio 2010
Project("{FAE04EC0-301F-11D3-BF4B-00C04F79EFBC}") = "InControl", "InControl.csproj", "{e2f746b3-61ad-dc54-13df-ebe5835f4704}"
EndProject
Project("{FAE04EC0-301F-11D3-BF4B-00C04F79EFBC}") = "AmoaebaUtils", "AmoaebaUtils.csproj", "{439bcc43-9ec9-d394-a742-b14903d5ca25}"
EndProject
Project("{FAE04EC0-301F-11D3-BF4B-00C04F79EFBC}") = "AmoaebaCommands", "AmoaebaCommands.csproj", "{66d310ec-b12d-907d-6af6-f1b7de526098}"
EndProject
Project("{FAE04EC0-301F-11D3-BF4B-00C04F79EFBC}") = "MessagePack", "MessagePack.csproj", "{c9a87ff8-3381-ad72-e7e7-3157aaa06e6b}"
EndProject
Project("{FAE04EC0-301F-11D3-BF4B-00C04F79EFBC}") = "AmoaebaGridTools", "AmoaebaGridTools.csproj", "{d91662b8-6e7a-1431-966d-65dcaa5cfe50}"
EndProject
Project("{FAE04EC0-301F-11D3-BF4B-00C04F79EFBC}") = "Assembly-CSharp", "Assembly-CSharp.csproj", "{f321e4f8-92cc-2a1b-57c7-76213458a93b}"
EndProject
Project("{FAE04EC0-301F-11D3-BF4B-00C04F79EFBC}") = "AmoaebaWallet", "AmoaebaWallet.csproj", "{f16c82cd-0aba-ecd3-6c4d-487521d9f685}"
EndProject
Project("{FAE04EC0-301F-11D3-BF4B-00C04F79EFBC}") = "Persistance", "Persistance.csproj", "{55f7643b-b627-fc39-2df8-09edb8aee4b5}"
EndProject
Project("{FAE04EC0-301F-11D3-BF4B-00C04F79EFBC}") = "InControl.Examples", "InControl.Examples.csproj", "{895f85c3-65cd-3a9c-5832-50437c8da52c}"
EndProject
Project("{FAE04EC0-301F-11D3-BF4B-00C04F79EFBC}") = "AmoaebaUtils.Pathfinding", "AmoaebaUtils.Pathfinding.csproj", "{891a2a49-5103-e888-4020-afff463c78bf}"
EndProject
Project("{FAE04EC0-301F-11D3-BF4B-00C04F79EFBC}") = "Sirenix.OdinInspector.CompatibilityLayer", "Sirenix.OdinInspector.CompatibilityLayer.csproj", "{04ee6aed-d595-fa0e-0905-cb9b322b86c6}"
EndProject
Project("{FAE04EC0-301F-11D3-BF4B-00C04F79EFBC}") = "ActionCommands", "ActionCommands.csproj", "{fe912172-c8a7-98aa-6b06-f744d493fb9e}"
EndProject
Project("{FAE04EC0-301F-11D3-BF4B-00C04F79EFBC}") = "AmoaebaLockSystem", "AmoaebaLockSystem.csproj", "{93c29439-5a63-06c3-a03b-388b42dc0778}"
EndProject
Project("{FAE04EC0-301F-11D3-BF4B-00C04F79EFBC}") = "InControl.Editor", "InControl.Editor.csproj", "{932985e5-16cc-13a4-1fce-45867a39f094}"
EndProject
Project("{FAE04EC0-301F-11D3-BF4B-00C04F79EFBC}") = "GoogleSheetsToUnity", "GoogleSheetsToUnity.csproj", "{821230ea-b784-b554-57f2-e44f180bd047}"
EndProject
Project("{FAE04EC0-301F-11D3-BF4B-00C04F79EFBC}") = "Sirenix.OdinInspector.CompatibilityLayer.Editor", "Sirenix.OdinInspector.CompatibilityLayer.Editor.csproj", "{5b005099-c24f-9f7b-f932-a2404df47ed8}"
EndProject
Project("{FAE04EC0-301F-11D3-BF4B-00C04F79EFBC}") = "ActionCommandsTests", "ActionCommandsTests.csproj", "{0f24711a-47e4-9254-bbd6-f0dd81029646}"
EndProject
Project("{FAE04EC0-301F-11D3-BF4B-00C04F79EFBC}") = "AmoaebaUtilsEditor", "AmoaebaUtilsEditor.csproj", "{c7cc44c1-2237-8d95-8709-a15f16ec42be}"
EndProject
Project("{FAE04EC0-301F-11D3-BF4B-00C04F79EFBC}") = "AmoaebaUtils.CommandsEditor", "AmoaebaUtils.CommandsEditor.csproj", "{67b7a5bc-868b-a535-b2c4-471309145d87}"
EndProject
Project("{FAE04EC0-301F-11D3-BF4B-00C04F79EFBC}") = "AmoaebaUtilsPersistanceTests", "AmoaebaUtilsPersistanceTests.csproj", "{56076711-9bbe-dd7c-43b9-1292c1052364}"
EndProject
Project("{FAE04EC0-301F-11D3-BF4B-00C04F79EFBC}") = "WalletTests", "WalletTests.csproj", "{48b85f0b-c664-c14e-8560-31f3d9a07c67}"
EndProject
Project("{FAE04EC0-301F-11D3-BF4B-00C04F79EFBC}") = "Sirenix.OdinInspector.Modules.UnityMathematics", "Sirenix.OdinInspector.Modules.UnityMathematics.csproj", "{9da45050-947f-e33a-2921-a0cf5083033d}"
EndProject
Project("{FAE04EC0-301F-11D3-BF4B-00C04F79EFBC}") = "PathfindingEditor", "PathfindingEditor.csproj", "{db0b0119-048a-2590-9b49-9e6e7fdd340e}"
EndProject
Project("{FAE04EC0-301F-11D3-BF4B-00C04F79EFBC}") = "GoogleExporter", "GoogleExporter.csproj", "{4ea81400-df35-1f3e-062f-600a4a9c3fc4}"
EndProject
Project("{FAE04EC0-301F-11D3-BF4B-00C04F79EFBC}") = "ScriptableObjectUtilsEditor", "ScriptableObjectUtilsEditor.csproj", "{a5ab7832-d0d8-18cf-4c32-51ae329d6390}"
EndProject
Global
	GlobalSection(SolutionConfigurationPlatforms) = preSolution
		Debug|Any CPU = Debug|Any CPU
	EndGlobalSection
	GlobalSection(ProjectConfigurationPlatforms) = postSolution
		{e2f746b3-61ad-dc54-13df-ebe5835f4704}.Debug|Any CPU.ActiveCfg = Debug|Any CPU
		{e2f746b3-61ad-dc54-13df-ebe5835f4704}.Debug|Any CPU.Build.0 = Debug|Any CPU
		{439bcc43-9ec9-d394-a742-b14903d5ca25}.Debug|Any CPU.ActiveCfg = Debug|Any CPU
		{439bcc43-9ec9-d394-a742-b14903d5ca25}.Debug|Any CPU.Build.0 = Debug|Any CPU
		{66d310ec-b12d-907d-6af6-f1b7de526098}.Debug|Any CPU.ActiveCfg = Debug|Any CPU
		{66d310ec-b12d-907d-6af6-f1b7de526098}.Debug|Any CPU.Build.0 = Debug|Any CPU
		{c9a87ff8-3381-ad72-e7e7-3157aaa06e6b}.Debug|Any CPU.ActiveCfg = Debug|Any CPU
		{c9a87ff8-3381-ad72-e7e7-3157aaa06e6b}.Debug|Any CPU.Build.0 = Debug|Any CPU
		{d91662b8-6e7a-1431-966d-65dcaa5cfe50}.Debug|Any CPU.ActiveCfg = Debug|Any CPU
		{d91662b8-6e7a-1431-966d-65dcaa5cfe50}.Debug|Any CPU.Build.0 = Debug|Any CPU
		{f321e4f8-92cc-2a1b-57c7-76213458a93b}.Debug|Any CPU.ActiveCfg = Debug|Any CPU
		{f321e4f8-92cc-2a1b-57c7-76213458a93b}.Debug|Any CPU.Build.0 = Debug|Any CPU
		{f16c82cd-0aba-ecd3-6c4d-487521d9f685}.Debug|Any CPU.ActiveCfg = Debug|Any CPU
		{f16c82cd-0aba-ecd3-6c4d-487521d9f685}.Debug|Any CPU.Build.0 = Debug|Any CPU
		{55f7643b-b627-fc39-2df8-09edb8aee4b5}.Debug|Any CPU.ActiveCfg = Debug|Any CPU
		{55f7643b-b627-fc39-2df8-09edb8aee4b5}.Debug|Any CPU.Build.0 = Debug|Any CPU
		{895f85c3-65cd-3a9c-5832-50437c8da52c}.Debug|Any CPU.ActiveCfg = Debug|Any CPU
		{895f85c3-65cd-3a9c-5832-50437c8da52c}.Debug|Any CPU.Build.0 = Debug|Any CPU
		{891a2a49-5103-e888-4020-afff463c78bf}.Debug|Any CPU.ActiveCfg = Debug|Any CPU
		{891a2a49-5103-e888-4020-afff463c78bf}.Debug|Any CPU.Build.0 = Debug|Any CPU
		{04ee6aed-d595-fa0e-0905-cb9b322b86c6}.Debug|Any CPU.ActiveCfg = Debug|Any CPU
		{04ee6aed-d595-fa0e-0905-cb9b322b86c6}.Debug|Any CPU.Build.0 = Debug|Any CPU
		{fe912172-c8a7-98aa-6b06-f744d493fb9e}.Debug|Any CPU.ActiveCfg = Debug|Any CPU
		{fe912172-c8a7-98aa-6b06-f744d493fb9e}.Debug|Any CPU.Build.0 = Debug|Any CPU
		{93c29439-5a63-06c3-a03b-388b42dc0778}.Debug|Any CPU.ActiveCfg = Debug|Any CPU
		{93c29439-5a63-06c3-a03b-388b42dc0778}.Debug|Any CPU.Build.0 = Debug|Any CPU
		{932985e5-16cc-13a4-1fce-45867a39f094}.Debug|Any CPU.ActiveCfg = Debug|Any CPU
		{932985e5-16cc-13a4-1fce-45867a39f094}.Debug|Any CPU.Build.0 = Debug|Any CPU
		{821230ea-b784-b554-57f2-e44f180bd047}.Debug|Any CPU.ActiveCfg = Debug|Any CPU
		{821230ea-b784-b554-57f2-e44f180bd047}.Debug|Any CPU.Build.0 = Debug|Any CPU
		{5b005099-c24f-9f7b-f932-a2404df47ed8}.Debug|Any CPU.ActiveCfg = Debug|Any CPU
		{5b005099-c24f-9f7b-f932-a2404df47ed8}.Debug|Any CPU.Build.0 = Debug|Any CPU
		{0f24711a-47e4-9254-bbd6-f0dd81029646}.Debug|Any CPU.ActiveCfg = Debug|Any CPU
		{0f24711a-47e4-9254-bbd6-f0dd81029646}.Debug|Any CPU.Build.0 = Debug|Any CPU
		{c7cc44c1-2237-8d95-8709-a15f16ec42be}.Debug|Any CPU.ActiveCfg = Debug|Any CPU
		{c7cc44c1-2237-8d95-8709-a15f16ec42be}.Debug|Any CPU.Build.0 = Debug|Any CPU
		{67b7a5bc-868b-a535-b2c4-471309145d87}.Debug|Any CPU.ActiveCfg = Debug|Any CPU
		{67b7a5bc-868b-a535-b2c4-471309145d87}.Debug|Any CPU.Build.0 = Debug|Any CPU
		{56076711-9bbe-dd7c-43b9-1292c1052364}.Debug|Any CPU.ActiveCfg = Debug|Any CPU
		{56076711-9bbe-dd7c-43b9-1292c1052364}.Debug|Any CPU.Build.0 = Debug|Any CPU
		{48b85f0b-c664-c14e-8560-31f3d9a07c67}.Debug|Any CPU.ActiveCfg = Debug|Any CPU
		{48b85f0b-c664-c14e-8560-31f3d9a07c67}.Debug|Any CPU.Build.0 = Debug|Any CPU
		{9da45050-947f-e33a-2921-a0cf5083033d}.Debug|Any CPU.ActiveCfg = Debug|Any CPU
		{9da45050-947f-e33a-2921-a0cf5083033d}.Debug|Any CPU.Build.0 = Debug|Any CPU
		{db0b0119-048a-2590-9b49-9e6e7fdd340e}.Debug|Any CPU.ActiveCfg = Debug|Any CPU
		{db0b0119-048a-2590-9b49-9e6e7fdd340e}.Debug|Any CPU.Build.0 = Debug|Any CPU
		{4ea81400-df35-1f3e-062f-600a4a9c3fc4}.Debug|Any CPU.ActiveCfg = Debug|Any CPU
		{4ea81400-df35-1f3e-062f-600a4a9c3fc4}.Debug|Any CPU.Build.0 = Debug|Any CPU
		{a5ab7832-d0d8-18cf-4c32-51ae329d6390}.Debug|Any CPU.ActiveCfg = Debug|Any CPU
		{a5ab7832-d0d8-18cf-4c32-51ae329d6390}.Debug|Any CPU.Build.0 = Debug|Any CPU
	EndGlobalSection
	GlobalSection(SolutionProperties) = preSolution
		HideSolutionNode = FALSE
	EndGlobalSection
EndGlobal
